<?xml version="1.0" encoding="utf-8"?>
<Project ToolsVersion="4.0" xmlns="http://schemas.microsoft.com/developer/msbuild/2003">
  <ItemGroup>
    <Filter Include="Source Files">
      <UniqueIdentifier>{4FC737F1-C7A5-4376-A066-2A32D752A2FF}</UniqueIdentifier>
      <Extensions>cpp;c;cc;cxx;def;odl;idl;hpj;bat;asm;asmx</Extensions>
    </Filter>
    <Filter Include="Header Files">
      <UniqueIdentifier>{93995380-89BD-4b04-88EB-625FBE52EBFB}</UniqueIdentifier>
      <Extensions>h;hh;hpp;hxx;hm;inl;inc;xsd</Extensions>
    </Filter>
    <Filter Include="Resource Files">
      <UniqueIdentifier>{67DA6AB6-F800-4c08-8B7A-83BB121AAD01}</UniqueIdentifier>
      <Extensions>rc;ico;cur;bmp;dlg;rc2;rct;bin;rgs;gif;jpg;jpeg;jpe;resx;tiff;tif;png;wav;mfcribbon-ms</Extensions>
    </Filter>
    <Filter Include="src">
      <UniqueIdentifier>{7bc5f0e5-2d2c-4707-9ef0-3e110921d2bc}</UniqueIdentifier>
    </Filter>
    <Filter Include="src\_micro-api-readonly">
      <UniqueIdentifier>{c6346ee4-4d0f-48ce-8ad6-d4b392de16c2}</UniqueIdentifier>
    </Filter>
    <Filter Include="src\_micro-api-readonly\core">
      <UniqueIdentifier>{1777b22f-be36-475c-b24c-e7be564c849a}</UniqueIdentifier>
    </Filter>
    <Filter Include="src\_micro-api-readonly\libraries">
      <UniqueIdentifier>{ee267fc3-8520-4bb5-a7ec-2ae71b6a99d7}</UniqueIdentifier>
    </Filter>
  </ItemGroup>
  <ItemGroup>
    <ClCompile Include="ArduinoTestProj.ino" />
    <ClCompile Include="..\..\..\..\AppData\Local\Arduino15\packages\arduino\hardware\avr\1.8.6\cores\arduino\abi.cpp">
      <Filter>src\_micro-api-readonly\core</Filter>
    </ClCompile>
    <ClCompile Include="..\..\..\..\AppData\Local\Arduino15\packages\arduino\hardware\avr\1.8.6\cores\arduino\CDC.cpp">
      <Filter>src\_micro-api-readonly\core</Filter>
    </ClCompile>
    <ClCompile Include="..\..\..\..\AppData\Local\Arduino15\packages\arduino\hardware\avr\1.8.6\cores\arduino\HardwareSerial.cpp">
      <Filter>src\_micro-api-readonly\core</Filter>
    </ClCompile>
    <ClCompile Include="..\..\..\..\AppData\Local\Arduino15\packages\arduino\hardware\avr\1.8.6\cores\arduino\HardwareSerial0.cpp">
      <Filter>src\_micro-api-readonly\core</Filter>
    </ClCompile>
    <ClCompile Include="..\..\..\..\AppData\Local\Arduino15\packages\arduino\hardware\avr\1.8.6\cores\arduino\HardwareSerial1.cpp">
      <Filter>src\_micro-api-readonly\core</Filter>
    </ClCompile>
    <ClCompile Include="..\..\..\..\AppData\Local\Arduino15\packages\arduino\hardware\avr\1.8.6\cores\arduino\HardwareSerial2.cpp">
      <Filter>src\_micro-api-readonly\core</Filter>
    </ClCompile>
    <ClCompile Include="..\..\..\..\AppData\Local\Arduino15\packages\arduino\hardware\avr\1.8.6\cores\arduino\HardwareSerial3.cpp">
      <Filter>src\_micro-api-readonly\core</Filter>
    </ClCompile>
    <ClCompile Include="..\..\..\..\AppData\Local\Arduino15\packages\arduino\hardware\avr\1.8.6\cores\arduino\hooks.c">
      <Filter>src\_micro-api-readonly\core</Filter>
    </ClCompile>
    <ClCompile Include="..\..\..\..\AppData\Local\Arduino15\packages\arduino\hardware\avr\1.8.6\cores\arduino\IPAddress.cpp">
      <Filter>src\_micro-api-readonly\core</Filter>
    </ClCompile>
    <ClCompile Include="..\..\..\..\AppData\Local\Arduino15\packages\arduino\hardware\avr\1.8.6\cores\arduino\main.cpp">
      <Filter>src\_micro-api-readonly\core</Filter>
    </ClCompile>
    <ClCompile Include="..\..\..\..\AppData\Local\Arduino15\packages\arduino\hardware\avr\1.8.6\cores\arduino\new.cpp">
      <Filter>src\_micro-api-readonly\core</Filter>
    </ClCompile>
    <ClCompile Include="..\..\..\..\AppData\Local\Arduino15\packages\arduino\hardware\avr\1.8.6\cores\arduino\PluggableUSB.cpp">
      <Filter>src\_micro-api-readonly\core</Filter>
    </ClCompile>
    <ClCompile Include="..\..\..\..\AppData\Local\Arduino15\packages\arduino\hardware\avr\1.8.6\cores\arduino\Print.cpp">
      <Filter>src\_micro-api-readonly\core</Filter>
    </ClCompile>
    <ClCompile Include="..\..\..\..\AppData\Local\Arduino15\packages\arduino\hardware\avr\1.8.6\cores\arduino\Stream.cpp">
      <Filter>src\_micro-api-readonly\core</Filter>
    </ClCompile>
    <ClCompile Include="..\..\..\..\AppData\Local\Arduino15\packages\arduino\hardware\avr\1.8.6\cores\arduino\Tone.cpp">
      <Filter>src\_micro-api-readonly\core</Filter>
    </ClCompile>
    <ClCompile Include="..\..\..\..\AppData\Local\Arduino15\packages\arduino\hardware\avr\1.8.6\cores\arduino\USBCore.cpp">
      <Filter>src\_micro-api-readonly\core</Filter>
    </ClCompile>
    <ClCompile Include="..\..\..\..\AppData\Local\Arduino15\packages\arduino\hardware\avr\1.8.6\cores\arduino\WInterrupts.c">
      <Filter>src\_micro-api-readonly\core</Filter>
    </ClCompile>
    <ClCompile Include="..\..\..\..\AppData\Local\Arduino15\packages\arduino\hardware\avr\1.8.6\cores\arduino\wiring.c">
      <Filter>src\_micro-api-readonly\core</Filter>
    </ClCompile>
    <ClCompile Include="..\..\..\..\AppData\Local\Arduino15\packages\arduino\hardware\avr\1.8.6\cores\arduino\wiring_analog.c">
      <Filter>src\_micro-api-readonly\core</Filter>
    </ClCompile>
    <ClCompile Include="..\..\..\..\AppData\Local\Arduino15\packages\arduino\hardware\avr\1.8.6\cores\arduino\wiring_digital.c">
      <Filter>src\_micro-api-readonly\core</Filter>
    </ClCompile>
    <ClCompile Include="..\..\..\..\AppData\Local\Arduino15\packages\arduino\hardware\avr\1.8.6\cores\arduino\wiring_pulse.c">
      <Filter>src\_micro-api-readonly\core</Filter>
    </ClCompile>
    <ClCompile Include="..\..\..\..\AppData\Local\Arduino15\packages\arduino\hardware\avr\1.8.6\cores\arduino\wiring_shift.c">
      <Filter>src\_micro-api-readonly\core</Filter>
    </ClCompile>
    <ClCompile Include="..\..\..\..\AppData\Local\Arduino15\packages\arduino\hardware\avr\1.8.6\cores\arduino\WMath.cpp">
      <Filter>src\_micro-api-readonly\core</Filter>
    </ClCompile>
    <ClCompile Include="..\..\..\..\AppData\Local\Arduino15\packages\arduino\hardware\avr\1.8.6\cores\arduino\WString.cpp">
      <Filter>src\_micro-api-readonly\core</Filter>
    </ClCompile>
  </ItemGroup>
  <ItemGroup>
    <ClInclude Include="__vm\.ArduinoTestProj.vsarduino.h">
      <Filter>Header Files</Filter>
    </ClInclude>
    <ClInclude Include="..\..\..\..\AppData\Local\Arduino15\packages\arduino\hardware\avr\1.8.6\cores\arduino\Arduino.h">
      <Filter>src\_micro-api-readonly\core</Filter>
    </ClInclude>
    <ClInclude Include="..\..\..\..\AppData\Local\Arduino15\packages\arduino\hardware\avr\1.8.6\cores\arduino\binary.h">
      <Filter>src\_micro-api-readonly\core</Filter>
    </ClInclude>
    <ClInclude Include="..\..\..\..\AppData\Local\Arduino15\packages\arduino\hardware\avr\1.8.6\cores\arduino\Client.h">
      <Filter>src\_micro-api-readonly\core</Filter>
    </ClInclude>
    <ClInclude Include="..\..\..\..\AppData\Local\Arduino15\packages\arduino\hardware\avr\1.8.6\cores\arduino\HardwareSerial.h">
      <Filter>src\_micro-api-readonly\core</Filter>
    </ClInclude>
    <ClInclude Include="..\..\..\..\AppData\Local\Arduino15\packages\arduino\hardware\avr\1.8.6\cores\arduino\HardwareSerial_private.h">
      <Filter>src\_micro-api-readonly\core</Filter>
    </ClInclude>
    <ClInclude Include="..\..\..\..\AppData\Local\Arduino15\packages\arduino\hardware\avr\1.8.6\cores\arduino\IPAddress.h">
      <Filter>src\_micro-api-readonly\core</Filter>
    </ClInclude>
    <ClInclude Include="..\..\..\..\AppData\Local\Arduino15\packages\arduino\hardware\avr\1.8.6\cores\arduino\new.h">
      <Filter>src\_micro-api-readonly\core</Filter>
    </ClInclude>
    <ClInclude Include="..\..\..\..\AppData\Local\Arduino15\packages\arduino\hardware\avr\1.8.6\cores\arduino\PluggableUSB.h">
      <Filter>src\_micro-api-readonly\core</Filter>
    </ClInclude>
    <ClInclude Include="..\..\..\..\AppData\Local\Arduino15\packages\arduino\hardware\avr\1.8.6\cores\arduino\Print.h">
      <Filter>src\_micro-api-readonly\core</Filter>
    </ClInclude>
    <ClInclude Include="..\..\..\..\AppData\Local\Arduino15\packages\arduino\hardware\avr\1.8.6\cores\arduino\Printable.h">
      <Filter>src\_micro-api-readonly\core</Filter>
    </ClInclude>
    <ClInclude Include="..\..\..\..\AppData\Local\Arduino15\packages\arduino\hardware\avr\1.8.6\cores\arduino\Server.h">
      <Filter>src\_micro-api-readonly\core</Filter>
    </ClInclude>
    <ClInclude Include="..\..\..\..\AppData\Local\Arduino15\packages\arduino\hardware\avr\1.8.6\cores\arduino\Stream.h">
      <Filter>src\_micro-api-readonly\core</Filter>
    </ClInclude>
    <ClInclude Include="..\..\..\..\AppData\Local\Arduino15\packages\arduino\hardware\avr\1.8.6\cores\arduino\Udp.h">
      <Filter>src\_micro-api-readonly\core</Filter>
    </ClInclude>
    <ClInclude Include="..\..\..\..\AppData\Local\Arduino15\packages\arduino\hardware\avr\1.8.6\cores\arduino\USBAPI.h">
      <Filter>src\_micro-api-readonly\core</Filter>
    </ClInclude>
    <ClInclude Include="..\..\..\..\AppData\Local\Arduino15\packages\arduino\hardware\avr\1.8.6\cores\arduino\USBCore.h">
      <Filter>src\_micro-api-readonly\core</Filter>
    </ClInclude>
    <ClInclude Include="..\..\..\..\AppData\Local\Arduino15\packages\arduino\hardware\avr\1.8.6\cores\arduino\USBDesc.h">
      <Filter>src\_micro-api-readonly\core</Filter>
    </ClInclude>
    <ClInclude Include="..\..\..\..\AppData\Local\Arduino15\packages\arduino\hardware\avr\1.8.6\cores\arduino\WCharacter.h">
      <Filter>src\_micro-api-readonly\core</Filter>
    </ClInclude>
    <ClInclude Include="..\..\..\..\AppData\Local\Arduino15\packages\arduino\hardware\avr\1.8.6\cores\arduino\wiring_private.h">
      <Filter>src\_micro-api-readonly\core</Filter>
    </ClInclude>
    <ClInclude Include="..\..\..\..\AppData\Local\Arduino15\packages\arduino\hardware\avr\1.8.6\cores\arduino\WString.h">
      <Filter>src\_micro-api-readonly\core</Filter>
    </ClInclude>
    <ClInclude Include="..\..\..\..\AppData\Local\Arduino15\packages\arduino\hardware\avr\1.8.6\variants\standard\pins_arduino.h">
      <Filter>src\_micro-api-readonly\core</Filter>
    </ClInclude>
    <ClInclude Include="__vm\.ArduinoCPP.vsarduino.h">
      <Filter>Header Files</Filter>
    </ClInclude>
  </ItemGroup>
  <ItemGroup>
    <None Include="..\..\..\..\AppData\Local\Arduino15\packages\arduino\hardware\avr\1.8.6\cores\arduino\wiring_pulse.S">
      <Filter>src\_micro-api-readonly\core</Filter>
    </None>
  </ItemGroup>
</Project>